{
  "name": "validation",
  "version": "1.0.0",
  "lockfileVersion": 2,
  "requires": true,
  "packages": {
    "": {
      "name": "validation",
      "version": "1.0.0",
      "license": "Apache-2.0",
      "dependencies": {
        "node-data-validator": "^1.1.1"
      }
    },
    "node_modules/node-data-validator": {
      "version": "1.1.1",
      "resolved": "https://registry.npmjs.org/node-data-validator/-/node-data-validator-1.1.1.tgz",
      "integrity": "sha512-FWLa6yp3DZA6Ah/pnUkDnqeIKiouY0RrtyAld0Uzy8mdt6fog2whB/rRINAZSG0zPui0a60GTm3r3QOvt2k0gw=="
    }
  },
  "dependencies": {
    "node-data-validator": {
      "version": "1.1.1",
      "resolved": "https://registry.npmjs.org/node-data-validator/-/node-data-validator-1.1.1.tgz",
      "integrity": "sha512-FWLa6yp3DZA6Ah/pnUkDnqeIKiouY0RrtyAld0Uzy8mdt6fog2whB/rRINAZSG0zPui0a60GTm3r3QOvt2k0gw=="
    }
  }
}
